
Microsoft Visual Studio Solution File, Format Version 12.00
# Visual Studio Version 16
VisualStudioVersion = 16.0.31729.503
MinimumVisualStudioVersion = 10.0.40219.1
Project("{FAE04EC0-301F-11D3-BF4B-00C04F79EFBC}") = "WebApi", "WebApi\WebApi.csproj", "{5B663A89-C23D-427A-BCFC-8F05E7ABA816}"
EndProject
Global
	GlobalSection(SolutionConfigurationPlatforms) = preSolution
		Debug|Any CPU = Debug|Any CPU
		Release|Any CPU = Release|Any CPU
	EndGlobalSection
	GlobalSection(ProjectConfigurationPlatforms) = postSolution
		{5B663A89-C23D-427A-BCFC-8F05E7ABA816}.Debug|Any CPU.ActiveCfg = Debug|Any CPU
		{5B663A89-C23D-427A-BCFC-8F05E7ABA816}.Debug|Any CPU.Build.0 = Debug|Any CPU
		{5B663A89-C23D-427A-BCFC-8F05E7ABA816}.Release|Any CPU.ActiveCfg = Release|Any CPU
		{5B663A89-C23D-427A-BCFC-8F05E7ABA816}.Release|Any CPU.Build.0 = Release|Any CPU
	EndGlobalSection
	GlobalSection(SolutionProperties) = preSolution
		HideSolutionNode = FALSE
	EndGlobalSection
	GlobalSection(ExtensibilityGlobals) = postSolution
		SolutionGuid = {566F9F34-145F-41BF-8C64-2F3F37FDDA90}
	EndGlobalSection
EndGlobal
